
Microsoft Visual Studio Solution File, Format Version 12.00
# Visual Studio Version 16
VisualStudioVersion = 16.0.31025.194
MinimumVisualStudioVersion = 10.0.40219.1
Project("{FAE04EC0-301F-11D3-BF4B-00C04F79EFBC}") = "IvanMiljkovicGLOVO", "IvanMiljkovicGLOVO\IvanMiljkovicGLOVO.csproj", "{BCEE2C4C-8F74-4DAB-99F6-9F106D18A881}"
EndProject
Global
	GlobalSection(SolutionConfigurationPlatforms) = preSolution
		Debug|Any CPU = Debug|Any CPU
		Release|Any CPU = Release|Any CPU
	EndGlobalSection
	GlobalSection(ProjectConfigurationPlatforms) = postSolution
		{BCEE2C4C-8F74-4DAB-99F6-9F106D18A881}.Debug|Any CPU.ActiveCfg = Debug|Any CPU
		{BCEE2C4C-8F74-4DAB-99F6-9F106D18A881}.Debug|Any CPU.Build.0 = Debug|Any CPU
		{BCEE2C4C-8F74-4DAB-99F6-9F106D18A881}.Release|Any CPU.ActiveCfg = Release|Any CPU
		{BCEE2C4C-8F74-4DAB-99F6-9F106D18A881}.Release|Any CPU.Build.0 = Release|Any CPU
	EndGlobalSection
	GlobalSection(SolutionProperties) = preSolution
		HideSolutionNode = FALSE
	EndGlobalSection
	GlobalSection(ExtensibilityGlobals) = postSolution
		SolutionGuid = {C66A7CD6-F2FA-4513-BC57-DF4C97B43649}
	EndGlobalSection
EndGlobal
